
Microsoft Visual Studio Solution File, Format Version 12.00
# Visual Studio Version 17
VisualStudioVersion = 17.0.31903.59
MinimumVisualStudioVersion = 10.0.40219.1
Project("{2150E333-8FDC-42A3-9474-1A3956D46DE8}") = "src", "src", "{7FA30D63-B6D6-486C-B214-64A67E6CF8D6}"
EndProject
Project("{FAE04EC0-301F-11D3-BF4B-00C04F79EFBC}") = "SAMGestor.Domain", "src\SAMGestor.Domain\SAMGestor.Domain.csproj", "{7C289D51-97BF-448A-A6EE-6C91A67D297F}"
EndProject
Project("{FAE04EC0-301F-11D3-BF4B-00C04F79EFBC}") = "SAMGestor.Application", "src\SAMGestor.Application\SAMGestor.Application.csproj", "{F2ED92F8-AB8A-48E0-8EB3-D36C35934661}"
EndProject
Project("{FAE04EC0-301F-11D3-BF4B-00C04F79EFBC}") = "SAMGestor.Infrastructure", "src\SAMGestor.Infrastructure\SAMGestor.Infrastructure.csproj", "{13DDB89D-B883-4FDE-9167-A146B1EC5C6A}"
EndProject
Project("{FAE04EC0-301F-11D3-BF4B-00C04F79EFBC}") = "SAMGestor.API", "src\SAMGestor.API\SAMGestor.API.csproj", "{0A4038A3-5976-4F17-A67D-CB1C67F87D75}"
EndProject
Project("{2150E333-8FDC-42A3-9474-1A3956D46DE8}") = "tests", "tests", "{78B2CF53-5463-48AA-89A7-CD0034478613}"
EndProject
Project("{FAE04EC0-301F-11D3-BF4B-00C04F79EFBC}") = "SAMGestor.UnitTests", "tests\SAMGestor.UnitTests\SAMGestor.UnitTests.csproj", "{3060823A-DD08-44DD-AA85-33F1E97F7736}"
EndProject
Project("{FAE04EC0-301F-11D3-BF4B-00C04F79EFBC}") = "SAMGestor.IntegrationTests", "tests\SAMGestor.IntegrationTests\SAMGestor.IntegrationTests.csproj", "{1563C0EE-2DD0-4AC4-BC44-68E4E11CB708}"
EndProject
Project("{2150E333-8FDC-42A3-9474-1A3956D46DE8}") = "services", "services", "{BE4C411F-3FD0-4B5B-93D4-34B86B3354AB}"
EndProject
Project("{2150E333-8FDC-42A3-9474-1A3956D46DE8}") = "shared", "shared", "{711A0C3E-8890-4C9E-9946-A502AAA9B629}"
EndProject
Project("{2150E333-8FDC-42A3-9474-1A3956D46DE8}") = "notification", "notification", "{95685CC8-6280-4DC8-94FD-3EC4A3B9D027}"
EndProject
Project("{2150E333-8FDC-42A3-9474-1A3956D46DE8}") = "src", "src", "{25F5427F-6318-42E2-9E44-C03CBCB28570}"
EndProject
Project("{2150E333-8FDC-42A3-9474-1A3956D46DE8}") = "tests", "tests", "{802C91D7-F171-4AD9-9AEA-7DC8400B3922}"
EndProject
Project("{2150E333-8FDC-42A3-9474-1A3956D46DE8}") = "contracts", "contracts", "{5FB60495-7BD9-4DC1-BF2D-2D7C0DA89BCC}"
EndProject
Project("{2150E333-8FDC-42A3-9474-1A3956D46DE8}") = "building-blocks", "building-blocks", "{A68C6DC9-AACF-490D-A08A-3546D961C207}"
EndProject
Project("{FAE04EC0-301F-11D3-BF4B-00C04F79EFBC}") = "SAMGestor.Notification.API", "services\notification\src\SAMGestor.Notification.API\SAMGestor.Notification.API.csproj", "{E50C0CC7-1FE8-4DBD-A9FA-AD8AB4DC9019}"
EndProject
Project("{FAE04EC0-301F-11D3-BF4B-00C04F79EFBC}") = "SAMGestor.Notification.Application", "services\notification\src\SAMGestor.Notification.Application\SAMGestor.Notification.Application.csproj", "{98225CED-1049-402A-B3E9-3D0BC413E2B7}"
EndProject
Project("{FAE04EC0-301F-11D3-BF4B-00C04F79EFBC}") = "SAMGestor.Notification.Domain", "services\notification\src\SAMGestor.Notification.Domain\SAMGestor.Notification.Domain.csproj", "{9D176169-F8DD-46E7-A95C-5E95D20C80BE}"
EndProject
Project("{FAE04EC0-301F-11D3-BF4B-00C04F79EFBC}") = "SAMGestor.Notification.Infrastructure", "services\notification\src\SAMGestor.Notification.Infrastructure\SAMGestor.Notification.Infrastructure.csproj", "{EFDA72D9-A6F7-43AD-BEE6-F7A740C0450B}"
EndProject
Project("{FAE04EC0-301F-11D3-BF4B-00C04F79EFBC}") = "SAMGestor.Contracts", "shared\contracts\SAMGestor.Contracts\SAMGestor.Contracts.csproj", "{7FA1B502-E77B-47CA-9010-53E6C019BEDA}"
EndProject
Project("{FAE04EC0-301F-11D3-BF4B-00C04F79EFBC}") = "SAMGestor.BuildingBlocks", "shared\building-blocks\SAMGestor.BuildingBlocks\SAMGestor.BuildingBlocks.csproj", "{7C265375-FA53-4032-BABD-72B7A91EF50F}"
EndProject
Project("{FAE04EC0-301F-11D3-BF4B-00C04F79EFBC}") = "SAMGestor.Notification.UnitTests", "services\notification\tests\SAMGestor.Notification.UnitTests\SAMGestor.Notification.UnitTests.csproj", "{AF8822C0-3608-4348-9EAD-8C4F3A4ACBB1}"
EndProject
Project("{FAE04EC0-301F-11D3-BF4B-00C04F79EFBC}") = "SAMGestor.Notification.IntegrationTests", "services\notification\tests\SAMGestor.Notification.IntegrationTests\SAMGestor.Notification.IntegrationTests.csproj", "{DA2225E6-E47D-4636-8957-14AC7BC66973}"
EndProject
Project("{2150E333-8FDC-42A3-9474-1A3956D46DE8}") = "payment", "payment", "{B1899054-6412-4E21-B5E0-31088CAFAEEC}"
EndProject
Project("{2150E333-8FDC-42A3-9474-1A3956D46DE8}") = "src", "src", "{B947CAED-7CF7-4A41-A18E-908AB35765A6}"
EndProject
Project("{2150E333-8FDC-42A3-9474-1A3956D46DE8}") = "tests", "tests", "{69DDA9E6-6827-4BA2-96CE-48A5CFFB675B}"
EndProject
Project("{FAE04EC0-301F-11D3-BF4B-00C04F79EFBC}") = "SAMGestor.Payment.API", "services\payment\src\SAMGestor.Payment.API\SAMGestor.Payment.API.csproj", "{8117ADB6-A788-4638-AC50-337AC32A0790}"
EndProject
Project("{FAE04EC0-301F-11D3-BF4B-00C04F79EFBC}") = "SAMGestor.Payment.Application", "services\payment\src\SAMGestor.Payment.Application\SAMGestor.Payment.Application.csproj", "{A53E5293-D790-42E4-AA47-B58BD540BD4C}"
EndProject
Project("{FAE04EC0-301F-11D3-BF4B-00C04F79EFBC}") = "SAMGestor.Payment.Domain", "services\payment\src\SAMGestor.Payment.Domain\SAMGestor.Payment.Domain.csproj", "{6293A7CC-E38E-4FD9-B33D-B34430032583}"
EndProject
Project("{FAE04EC0-301F-11D3-BF4B-00C04F79EFBC}") = "SAMGestor.Payment.Infrastructure", "services\payment\src\SAMGestor.Payment.Infrastructure\SAMGestor.Payment.Infrastructure.csproj", "{0B5211E0-2D6F-4ACB-B396-C1DDEDBFF279}"
EndProject
Project("{FAE04EC0-301F-11D3-BF4B-00C04F79EFBC}") = "SAMGestor.Payment.UnitTests", "services\payment\tests\SAMGestor.Payment.UnitTests\SAMGestor.Payment.UnitTests.csproj", "{760B8D79-D254-4791-AA4B-DACF05022C51}"
EndProject
Project("{FAE04EC0-301F-11D3-BF4B-00C04F79EFBC}") = "SAMGestor.Payment.IntegrationTests", "services\payment\tests\SAMGestor.Payment.IntegrationTests\SAMGestor.Payment.IntegrationTests.csproj", "{C855F926-9FF6-4B18-8632-0BDBC295B5D9}"
EndProject
Global
	GlobalSection(SolutionConfigurationPlatforms) = preSolution
		Debug|Any CPU = Debug|Any CPU
		Release|Any CPU = Release|Any CPU
	EndGlobalSection
	GlobalSection(SolutionProperties) = preSolution
		HideSolutionNode = FALSE
	EndGlobalSection
	GlobalSection(ProjectConfigurationPlatforms) = postSolution
		{7C289D51-97BF-448A-A6EE-6C91A67D297F}.Debug|Any CPU.ActiveCfg = Debug|Any CPU
		{7C289D51-97BF-448A-A6EE-6C91A67D297F}.Debug|Any CPU.Build.0 = Debug|Any CPU
		{7C289D51-97BF-448A-A6EE-6C91A67D297F}.Release|Any CPU.ActiveCfg = Release|Any CPU
		{7C289D51-97BF-448A-A6EE-6C91A67D297F}.Release|Any CPU.Build.0 = Release|Any CPU
		{F2ED92F8-AB8A-48E0-8EB3-D36C35934661}.Debug|Any CPU.ActiveCfg = Debug|Any CPU
		{F2ED92F8-AB8A-48E0-8EB3-D36C35934661}.Debug|Any CPU.Build.0 = Debug|Any CPU
		{F2ED92F8-AB8A-48E0-8EB3-D36C35934661}.Release|Any CPU.ActiveCfg = Release|Any CPU
		{F2ED92F8-AB8A-48E0-8EB3-D36C35934661}.Release|Any CPU.Build.0 = Release|Any CPU
		{13DDB89D-B883-4FDE-9167-A146B1EC5C6A}.Debug|Any CPU.ActiveCfg = Debug|Any CPU
		{13DDB89D-B883-4FDE-9167-A146B1EC5C6A}.Debug|Any CPU.Build.0 = Debug|Any CPU
		{13DDB89D-B883-4FDE-9167-A146B1EC5C6A}.Release|Any CPU.ActiveCfg = Release|Any CPU
		{13DDB89D-B883-4FDE-9167-A146B1EC5C6A}.Release|Any CPU.Build.0 = Release|Any CPU
		{0A4038A3-5976-4F17-A67D-CB1C67F87D75}.Debug|Any CPU.ActiveCfg = Debug|Any CPU
		{0A4038A3-5976-4F17-A67D-CB1C67F87D75}.Debug|Any CPU.Build.0 = Debug|Any CPU
		{0A4038A3-5976-4F17-A67D-CB1C67F87D75}.Release|Any CPU.ActiveCfg = Release|Any CPU
		{0A4038A3-5976-4F17-A67D-CB1C67F87D75}.Release|Any CPU.Build.0 = Release|Any CPU
		{3060823A-DD08-44DD-AA85-33F1E97F7736}.Debug|Any CPU.ActiveCfg = Debug|Any CPU
		{3060823A-DD08-44DD-AA85-33F1E97F7736}.Debug|Any CPU.Build.0 = Debug|Any CPU
		{3060823A-DD08-44DD-AA85-33F1E97F7736}.Release|Any CPU.ActiveCfg = Release|Any CPU
		{3060823A-DD08-44DD-AA85-33F1E97F7736}.Release|Any CPU.Build.0 = Release|Any CPU
		{1563C0EE-2DD0-4AC4-BC44-68E4E11CB708}.Debug|Any CPU.ActiveCfg = Debug|Any CPU
		{1563C0EE-2DD0-4AC4-BC44-68E4E11CB708}.Debug|Any CPU.Build.0 = Debug|Any CPU
		{1563C0EE-2DD0-4AC4-BC44-68E4E11CB708}.Release|Any CPU.ActiveCfg = Release|Any CPU
		{1563C0EE-2DD0-4AC4-BC44-68E4E11CB708}.Release|Any CPU.Build.0 = Release|Any CPU
		{E50C0CC7-1FE8-4DBD-A9FA-AD8AB4DC9019}.Debug|Any CPU.ActiveCfg = Debug|Any CPU
		{E50C0CC7-1FE8-4DBD-A9FA-AD8AB4DC9019}.Debug|Any CPU.Build.0 = Debug|Any CPU
		{E50C0CC7-1FE8-4DBD-A9FA-AD8AB4DC9019}.Release|Any CPU.ActiveCfg = Release|Any CPU
		{E50C0CC7-1FE8-4DBD-A9FA-AD8AB4DC9019}.Release|Any CPU.Build.0 = Release|Any CPU
		{98225CED-1049-402A-B3E9-3D0BC413E2B7}.Debug|Any CPU.ActiveCfg = Debug|Any CPU
		{98225CED-1049-402A-B3E9-3D0BC413E2B7}.Debug|Any CPU.Build.0 = Debug|Any CPU
		{98225CED-1049-402A-B3E9-3D0BC413E2B7}.Release|Any CPU.ActiveCfg = Release|Any CPU
		{98225CED-1049-402A-B3E9-3D0BC413E2B7}.Release|Any CPU.Build.0 = Release|Any CPU
		{9D176169-F8DD-46E7-A95C-5E95D20C80BE}.Debug|Any CPU.ActiveCfg = Debug|Any CPU
		{9D176169-F8DD-46E7-A95C-5E95D20C80BE}.Debug|Any CPU.Build.0 = Debug|Any CPU
		{9D176169-F8DD-46E7-A95C-5E95D20C80BE}.Release|Any CPU.ActiveCfg = Release|Any CPU
		{9D176169-F8DD-46E7-A95C-5E95D20C80BE}.Release|Any CPU.Build.0 = Release|Any CPU
		{EFDA72D9-A6F7-43AD-BEE6-F7A740C0450B}.Debug|Any CPU.ActiveCfg = Debug|Any CPU
		{EFDA72D9-A6F7-43AD-BEE6-F7A740C0450B}.Debug|Any CPU.Build.0 = Debug|Any CPU
		{EFDA72D9-A6F7-43AD-BEE6-F7A740C0450B}.Release|Any CPU.ActiveCfg = Release|Any CPU
		{EFDA72D9-A6F7-43AD-BEE6-F7A740C0450B}.Release|Any CPU.Build.0 = Release|Any CPU
		{7FA1B502-E77B-47CA-9010-53E6C019BEDA}.Debug|Any CPU.ActiveCfg = Debug|Any CPU
		{7FA1B502-E77B-47CA-9010-53E6C019BEDA}.Debug|Any CPU.Build.0 = Debug|Any CPU
		{7FA1B502-E77B-47CA-9010-53E6C019BEDA}.Release|Any CPU.ActiveCfg = Release|Any CPU
		{7FA1B502-E77B-47CA-9010-53E6C019BEDA}.Release|Any CPU.Build.0 = Release|Any CPU
		{7C265375-FA53-4032-BABD-72B7A91EF50F}.Debug|Any CPU.ActiveCfg = Debug|Any CPU
		{7C265375-FA53-4032-BABD-72B7A91EF50F}.Debug|Any CPU.Build.0 = Debug|Any CPU
		{7C265375-FA53-4032-BABD-72B7A91EF50F}.Release|Any CPU.ActiveCfg = Release|Any CPU
		{7C265375-FA53-4032-BABD-72B7A91EF50F}.Release|Any CPU.Build.0 = Release|Any CPU
		{AF8822C0-3608-4348-9EAD-8C4F3A4ACBB1}.Debug|Any CPU.ActiveCfg = Debug|Any CPU
		{AF8822C0-3608-4348-9EAD-8C4F3A4ACBB1}.Debug|Any CPU.Build.0 = Debug|Any CPU
		{AF8822C0-3608-4348-9EAD-8C4F3A4ACBB1}.Release|Any CPU.ActiveCfg = Release|Any CPU
		{AF8822C0-3608-4348-9EAD-8C4F3A4ACBB1}.Release|Any CPU.Build.0 = Release|Any CPU
		{DA2225E6-E47D-4636-8957-14AC7BC66973}.Debug|Any CPU.ActiveCfg = Debug|Any CPU
		{DA2225E6-E47D-4636-8957-14AC7BC66973}.Debug|Any CPU.Build.0 = Debug|Any CPU
		{DA2225E6-E47D-4636-8957-14AC7BC66973}.Release|Any CPU.ActiveCfg = Release|Any CPU
		{DA2225E6-E47D-4636-8957-14AC7BC66973}.Release|Any CPU.Build.0 = Release|Any CPU
		{8117ADB6-A788-4638-AC50-337AC32A0790}.Debug|Any CPU.ActiveCfg = Debug|Any CPU
		{8117ADB6-A788-4638-AC50-337AC32A0790}.Debug|Any CPU.Build.0 = Debug|Any CPU
		{8117ADB6-A788-4638-AC50-337AC32A0790}.Release|Any CPU.ActiveCfg = Release|Any CPU
		{8117ADB6-A788-4638-AC50-337AC32A0790}.Release|Any CPU.Build.0 = Release|Any CPU
		{A53E5293-D790-42E4-AA47-B58BD540BD4C}.Debug|Any CPU.ActiveCfg = Debug|Any CPU
		{A53E5293-D790-42E4-AA47-B58BD540BD4C}.Debug|Any CPU.Build.0 = Debug|Any CPU
		{A53E5293-D790-42E4-AA47-B58BD540BD4C}.Release|Any CPU.ActiveCfg = Release|Any CPU
		{A53E5293-D790-42E4-AA47-B58BD540BD4C}.Release|Any CPU.Build.0 = Release|Any CPU
		{6293A7CC-E38E-4FD9-B33D-B34430032583}.Debug|Any CPU.ActiveCfg = Debug|Any CPU
		{6293A7CC-E38E-4FD9-B33D-B34430032583}.Debug|Any CPU.Build.0 = Debug|Any CPU
		{6293A7CC-E38E-4FD9-B33D-B34430032583}.Release|Any CPU.ActiveCfg = Release|Any CPU
		{6293A7CC-E38E-4FD9-B33D-B34430032583}.Release|Any CPU.Build.0 = Release|Any CPU
		{0B5211E0-2D6F-4ACB-B396-C1DDEDBFF279}.Debug|Any CPU.ActiveCfg = Debug|Any CPU
		{0B5211E0-2D6F-4ACB-B396-C1DDEDBFF279}.Debug|Any CPU.Build.0 = Debug|Any CPU
		{0B5211E0-2D6F-4ACB-B396-C1DDEDBFF279}.Release|Any CPU.ActiveCfg = Release|Any CPU
		{0B5211E0-2D6F-4ACB-B396-C1DDEDBFF279}.Release|Any CPU.Build.0 = Release|Any CPU
		{760B8D79-D254-4791-AA4B-DACF05022C51}.Debug|Any CPU.ActiveCfg = Debug|Any CPU
		{760B8D79-D254-4791-AA4B-DACF05022C51}.Debug|Any CPU.Build.0 = Debug|Any CPU
		{760B8D79-D254-4791-AA4B-DACF05022C51}.Release|Any CPU.ActiveCfg = Release|Any CPU
		{760B8D79-D254-4791-AA4B-DACF05022C51}.Release|Any CPU.Build.0 = Release|Any CPU
		{C855F926-9FF6-4B18-8632-0BDBC295B5D9}.Debug|Any CPU.ActiveCfg = Debug|Any CPU
		{C855F926-9FF6-4B18-8632-0BDBC295B5D9}.Debug|Any CPU.Build.0 = Debug|Any CPU
		{C855F926-9FF6-4B18-8632-0BDBC295B5D9}.Release|Any CPU.ActiveCfg = Release|Any CPU
		{C855F926-9FF6-4B18-8632-0BDBC295B5D9}.Release|Any CPU.Build.0 = Release|Any CPU
	EndGlobalSection
	GlobalSection(NestedProjects) = preSolution
		{7C289D51-97BF-448A-A6EE-6C91A67D297F} = {7FA30D63-B6D6-486C-B214-64A67E6CF8D6}
		{F2ED92F8-AB8A-48E0-8EB3-D36C35934661} = {7FA30D63-B6D6-486C-B214-64A67E6CF8D6}
		{13DDB89D-B883-4FDE-9167-A146B1EC5C6A} = {7FA30D63-B6D6-486C-B214-64A67E6CF8D6}
		{0A4038A3-5976-4F17-A67D-CB1C67F87D75} = {7FA30D63-B6D6-486C-B214-64A67E6CF8D6}
		{3060823A-DD08-44DD-AA85-33F1E97F7736} = {78B2CF53-5463-48AA-89A7-CD0034478613}
		{1563C0EE-2DD0-4AC4-BC44-68E4E11CB708} = {78B2CF53-5463-48AA-89A7-CD0034478613}
		{95685CC8-6280-4DC8-94FD-3EC4A3B9D027} = {BE4C411F-3FD0-4B5B-93D4-34B86B3354AB}
		{25F5427F-6318-42E2-9E44-C03CBCB28570} = {95685CC8-6280-4DC8-94FD-3EC4A3B9D027}
		{802C91D7-F171-4AD9-9AEA-7DC8400B3922} = {95685CC8-6280-4DC8-94FD-3EC4A3B9D027}
		{5FB60495-7BD9-4DC1-BF2D-2D7C0DA89BCC} = {711A0C3E-8890-4C9E-9946-A502AAA9B629}
		{A68C6DC9-AACF-490D-A08A-3546D961C207} = {711A0C3E-8890-4C9E-9946-A502AAA9B629}
		{E50C0CC7-1FE8-4DBD-A9FA-AD8AB4DC9019} = {25F5427F-6318-42E2-9E44-C03CBCB28570}
		{98225CED-1049-402A-B3E9-3D0BC413E2B7} = {25F5427F-6318-42E2-9E44-C03CBCB28570}
		{9D176169-F8DD-46E7-A95C-5E95D20C80BE} = {25F5427F-6318-42E2-9E44-C03CBCB28570}
		{EFDA72D9-A6F7-43AD-BEE6-F7A740C0450B} = {25F5427F-6318-42E2-9E44-C03CBCB28570}
		{7FA1B502-E77B-47CA-9010-53E6C019BEDA} = {5FB60495-7BD9-4DC1-BF2D-2D7C0DA89BCC}
		{7C265375-FA53-4032-BABD-72B7A91EF50F} = {A68C6DC9-AACF-490D-A08A-3546D961C207}
		{AF8822C0-3608-4348-9EAD-8C4F3A4ACBB1} = {802C91D7-F171-4AD9-9AEA-7DC8400B3922}
		{DA2225E6-E47D-4636-8957-14AC7BC66973} = {802C91D7-F171-4AD9-9AEA-7DC8400B3922}
		{B1899054-6412-4E21-B5E0-31088CAFAEEC} = {BE4C411F-3FD0-4B5B-93D4-34B86B3354AB}
		{B947CAED-7CF7-4A41-A18E-908AB35765A6} = {B1899054-6412-4E21-B5E0-31088CAFAEEC}
		{69DDA9E6-6827-4BA2-96CE-48A5CFFB675B} = {B1899054-6412-4E21-B5E0-31088CAFAEEC}
		{8117ADB6-A788-4638-AC50-337AC32A0790} = {B947CAED-7CF7-4A41-A18E-908AB35765A6}
		{A53E5293-D790-42E4-AA47-B58BD540BD4C} = {B947CAED-7CF7-4A41-A18E-908AB35765A6}
		{6293A7CC-E38E-4FD9-B33D-B34430032583} = {B947CAED-7CF7-4A41-A18E-908AB35765A6}
		{0B5211E0-2D6F-4ACB-B396-C1DDEDBFF279} = {B947CAED-7CF7-4A41-A18E-908AB35765A6}
		{760B8D79-D254-4791-AA4B-DACF05022C51} = {69DDA9E6-6827-4BA2-96CE-48A5CFFB675B}
		{C855F926-9FF6-4B18-8632-0BDBC295B5D9} = {69DDA9E6-6827-4BA2-96CE-48A5CFFB675B}
	EndGlobalSection
EndGlobal
